
Microsoft Visual Studio Solution File, Format Version 12.00
# Visual Studio Version 17
VisualStudioVersion = 17.8.34408.163
MinimumVisualStudioVersion = 10.0.40219.1
Project("{FAE04EC0-301F-11D3-BF4B-00C04F79EFBC}") = "modul6_1302223029", "modul6_1302223029.csproj", "{7813C160-9FAB-44F5-BCAF-4F05A43E5377}"
EndProject
Global
	GlobalSection(SolutionConfigurationPlatforms) = preSolution
		Debug|Any CPU = Debug|Any CPU
		Release|Any CPU = Release|Any CPU
	EndGlobalSection
	GlobalSection(ProjectConfigurationPlatforms) = postSolution
		{7813C160-9FAB-44F5-BCAF-4F05A43E5377}.Debug|Any CPU.ActiveCfg = Debug|Any CPU
		{7813C160-9FAB-44F5-BCAF-4F05A43E5377}.Debug|Any CPU.Build.0 = Debug|Any CPU
		{7813C160-9FAB-44F5-BCAF-4F05A43E5377}.Release|Any CPU.ActiveCfg = Release|Any CPU
		{7813C160-9FAB-44F5-BCAF-4F05A43E5377}.Release|Any CPU.Build.0 = Release|Any CPU
	EndGlobalSection
	GlobalSection(SolutionProperties) = preSolution
		HideSolutionNode = FALSE
	EndGlobalSection
	GlobalSection(ExtensibilityGlobals) = postSolution
		SolutionGuid = {D24A2E54-3480-49EB-BAE6-0298EDB104C2}
	EndGlobalSection
EndGlobal
